
Microsoft Visual Studio Solution File, Format Version 12.00
# Visual Studio Version 16
VisualStudioVersion = 16.0.30523.141
MinimumVisualStudioVersion = 10.0.40219.1
Project("{FAE04EC0-301F-11D3-BF4B-00C04F79EFBC}") = "lr10", "lr10.csproj", "{852705BF-697A-48DF-8D24-28DFC0762867}"
EndProject
Global
	GlobalSection(SolutionConfigurationPlatforms) = preSolution
		Debug|Any CPU = Debug|Any CPU
		Release|Any CPU = Release|Any CPU
	EndGlobalSection
	GlobalSection(ProjectConfigurationPlatforms) = postSolution
		{852705BF-697A-48DF-8D24-28DFC0762867}.Debug|Any CPU.ActiveCfg = Debug|Any CPU
		{852705BF-697A-48DF-8D24-28DFC0762867}.Debug|Any CPU.Build.0 = Debug|Any CPU
		{852705BF-697A-48DF-8D24-28DFC0762867}.Release|Any CPU.ActiveCfg = Release|Any CPU
		{852705BF-697A-48DF-8D24-28DFC0762867}.Release|Any CPU.Build.0 = Release|Any CPU
	EndGlobalSection
	GlobalSection(SolutionProperties) = preSolution
		HideSolutionNode = FALSE
	EndGlobalSection
	GlobalSection(ExtensibilityGlobals) = postSolution
		SolutionGuid = {B5205F70-4C66-46FB-A347-734078894644}
	EndGlobalSection
EndGlobal
