
Microsoft Visual Studio Solution File, Format Version 12.00
# Visual Studio Version 16
VisualStudioVersion = 16.0.30523.141
MinimumVisualStudioVersion = 10.0.40219.1
Project("{FAE04EC0-301F-11D3-BF4B-00C04F79EFBC}") = "lr5", "lr5.csproj", "{D183F02A-8444-4009-9FB2-540F74CB179C}"
EndProject
Global
	GlobalSection(SolutionConfigurationPlatforms) = preSolution
		Debug|Any CPU = Debug|Any CPU
		Release|Any CPU = Release|Any CPU
	EndGlobalSection
	GlobalSection(ProjectConfigurationPlatforms) = postSolution
		{D183F02A-8444-4009-9FB2-540F74CB179C}.Debug|Any CPU.ActiveCfg = Debug|Any CPU
		{D183F02A-8444-4009-9FB2-540F74CB179C}.Debug|Any CPU.Build.0 = Debug|Any CPU
		{D183F02A-8444-4009-9FB2-540F74CB179C}.Release|Any CPU.ActiveCfg = Release|Any CPU
		{D183F02A-8444-4009-9FB2-540F74CB179C}.Release|Any CPU.Build.0 = Release|Any CPU
	EndGlobalSection
	GlobalSection(SolutionProperties) = preSolution
		HideSolutionNode = FALSE
	EndGlobalSection
	GlobalSection(ExtensibilityGlobals) = postSolution
		SolutionGuid = {2175D77E-71A3-4B22-8713-125209ADACBA}
	EndGlobalSection
EndGlobal
